
Microsoft Visual Studio Solution File, Format Version 12.00
# Visual Studio Version 16
VisualStudioVersion = 16.0.31112.23
MinimumVisualStudioVersion = 10.0.40219.1
Project("{FAE04EC0-301F-11D3-BF4B-00C04F79EFBC}") = "HotelBookingServiceEast", "HotelBookingServiceEast\HotelBookingService.csproj", "{F73C39D2-7652-41D6-A49C-E805AD1BE645}"
EndProject
Global
	GlobalSection(SolutionConfigurationPlatforms) = preSolution
		Debug|Any CPU = Debug|Any CPU
		Release|Any CPU = Release|Any CPU
	EndGlobalSection
	GlobalSection(ProjectConfigurationPlatforms) = postSolution
		{F73C39D2-7652-41D6-A49C-E805AD1BE645}.Debug|Any CPU.ActiveCfg = Debug|Any CPU
		{F73C39D2-7652-41D6-A49C-E805AD1BE645}.Debug|Any CPU.Build.0 = Debug|Any CPU
		{F73C39D2-7652-41D6-A49C-E805AD1BE645}.Release|Any CPU.ActiveCfg = Release|Any CPU
		{F73C39D2-7652-41D6-A49C-E805AD1BE645}.Release|Any CPU.Build.0 = Release|Any CPU
	EndGlobalSection
	GlobalSection(SolutionProperties) = preSolution
		HideSolutionNode = FALSE
	EndGlobalSection
	GlobalSection(ExtensibilityGlobals) = postSolution
		SolutionGuid = {46993660-6795-438A-BABF-E12C44AF789F}
	EndGlobalSection
EndGlobal
